
Microsoft Visual Studio Solution File, Format Version 12.00
# Visual Studio 2012
Project("{FAE04EC0-301F-11D3-BF4B-00C04F79EFBC}") = "DTWrapper", "DTWrapper\DTWrapper.csproj", "{7F3F42CB-16F2-420D-9A5B-F53219A0BF45}"
EndProject
Project("{FAE04EC0-301F-11D3-BF4B-00C04F79EFBC}") = "DTWrapper.Helpers", "DTWrapper.Helpers\DTWrapper.Helpers.csproj", "{C739809E-AC34-4EDE-BDD4-DA9A308A1A04}"
EndProject
Project("{FAE04EC0-301F-11D3-BF4B-00C04F79EFBC}") = "DTWrapper.GUI", "DTWrapper.GUI\DTWrapper.GUI.csproj", "{4B560A22-1368-45B8-A60C-6AE7AA303620}"
EndProject
Project("{FAE04EC0-301F-11D3-BF4B-00C04F79EFBC}") = "DTWrapper.BDD", "DTWrapper.BDD\DTWrapper.BDD.csproj", "{DE1B992A-1CEE-4D73-B75F-87A01BC07101}"
EndProject
Project("{FAE04EC0-301F-11D3-BF4B-00C04F79EFBC}") = "DTWrapper.CLI", "DTWrapper.CLI\DTWrapper.CLI.csproj", "{F8F4B65B-E62E-4872-BF6A-E092786CE7B8}"
EndProject
Project("{FAE04EC0-301F-11D3-BF4B-00C04F79EFBC}") = "DTWrapper.ShellExtension", "DTWrapper.ShellExtension\DTWrapper.ShellExtension.csproj", "{A4E85B16-81DB-4844-A5BD-5A55AC671F10}"
EndProject
Global
	GlobalSection(SolutionConfigurationPlatforms) = preSolution
		Debug|Any CPU = Debug|Any CPU
		Release|Any CPU = Release|Any CPU
	EndGlobalSection
	GlobalSection(ProjectConfigurationPlatforms) = postSolution
		{7F3F42CB-16F2-420D-9A5B-F53219A0BF45}.Debug|Any CPU.ActiveCfg = Debug|Any CPU
		{7F3F42CB-16F2-420D-9A5B-F53219A0BF45}.Debug|Any CPU.Build.0 = Debug|Any CPU
		{7F3F42CB-16F2-420D-9A5B-F53219A0BF45}.Release|Any CPU.ActiveCfg = Release|Any CPU
		{7F3F42CB-16F2-420D-9A5B-F53219A0BF45}.Release|Any CPU.Build.0 = Release|Any CPU
		{C739809E-AC34-4EDE-BDD4-DA9A308A1A04}.Debug|Any CPU.ActiveCfg = Debug|Any CPU
		{C739809E-AC34-4EDE-BDD4-DA9A308A1A04}.Debug|Any CPU.Build.0 = Debug|Any CPU
		{C739809E-AC34-4EDE-BDD4-DA9A308A1A04}.Release|Any CPU.ActiveCfg = Release|Any CPU
		{C739809E-AC34-4EDE-BDD4-DA9A308A1A04}.Release|Any CPU.Build.0 = Release|Any CPU
		{4B560A22-1368-45B8-A60C-6AE7AA303620}.Debug|Any CPU.ActiveCfg = Debug|Any CPU
		{4B560A22-1368-45B8-A60C-6AE7AA303620}.Debug|Any CPU.Build.0 = Debug|Any CPU
		{4B560A22-1368-45B8-A60C-6AE7AA303620}.Release|Any CPU.ActiveCfg = Release|Any CPU
		{4B560A22-1368-45B8-A60C-6AE7AA303620}.Release|Any CPU.Build.0 = Release|Any CPU
		{DE1B992A-1CEE-4D73-B75F-87A01BC07101}.Debug|Any CPU.ActiveCfg = Debug|Any CPU
		{DE1B992A-1CEE-4D73-B75F-87A01BC07101}.Debug|Any CPU.Build.0 = Debug|Any CPU
		{DE1B992A-1CEE-4D73-B75F-87A01BC07101}.Release|Any CPU.ActiveCfg = Release|Any CPU
		{DE1B992A-1CEE-4D73-B75F-87A01BC07101}.Release|Any CPU.Build.0 = Release|Any CPU
		{F8F4B65B-E62E-4872-BF6A-E092786CE7B8}.Debug|Any CPU.ActiveCfg = Debug|Any CPU
		{F8F4B65B-E62E-4872-BF6A-E092786CE7B8}.Debug|Any CPU.Build.0 = Debug|Any CPU
		{F8F4B65B-E62E-4872-BF6A-E092786CE7B8}.Release|Any CPU.ActiveCfg = Release|Any CPU
		{F8F4B65B-E62E-4872-BF6A-E092786CE7B8}.Release|Any CPU.Build.0 = Release|Any CPU
		{A4E85B16-81DB-4844-A5BD-5A55AC671F10}.Debug|Any CPU.ActiveCfg = Debug|Any CPU
		{A4E85B16-81DB-4844-A5BD-5A55AC671F10}.Debug|Any CPU.Build.0 = Debug|Any CPU
		{A4E85B16-81DB-4844-A5BD-5A55AC671F10}.Release|Any CPU.ActiveCfg = Release|Any CPU
		{A4E85B16-81DB-4844-A5BD-5A55AC671F10}.Release|Any CPU.Build.0 = Release|Any CPU
	EndGlobalSection
	GlobalSection(SolutionProperties) = preSolution
		HideSolutionNode = FALSE
	EndGlobalSection
EndGlobal
